// !$*UTF8*$!
{
	archiveVersion = 1;
	classes = {
	};
	objectVersion = 50;
	objects = {

/* Begin PBXBuildFile section */
		B640DE6E2B289293007F8A21 /* ViewControllerCategories.swift in Sources */ = {isa = PBXBuildFile; fileRef = B640DE6D2B289293007F8A21 /* ViewControllerCategories.swift */; };
		B6E8E24F2B161564008F3C6A /* AppDelegate.swift in Sources */ = {isa = PBXBuildFile; fileRef = B6E8E24E2B161564008F3C6A /* AppDelegate.swift */; };
		B6E8E2512B161564008F3C6A /* SceneDelegate.swift in Sources */ = {isa = PBXBuildFile; fileRef = B6E8E2502B161564008F3C6A /* SceneDelegate.swift */; };
		B6E8E2532B161564008F3C6A /* ViewController.swift in Sources */ = {isa = PBXBuildFile; fileRef = B6E8E2522B161564008F3C6A /* ViewController.swift */; };
		B6E8E2562B161564008F3C6A /* Main.storyboard in Resources */ = {isa = PBXBuildFile; fileRef = B6E8E2542B161564008F3C6A /* Main.storyboard */; };
		B6E8E2582B16156D008F3C6A /* Assets.xcassets in Resources */ = {isa = PBXBuildFile; fileRef = B6E8E2572B16156D008F3C6A /* Assets.xcassets */; };
		B6E8E25B2B16156D008F3C6A /* LaunchScreen.storyboard in Resources */ = {isa = PBXBuildFile; fileRef = B6E8E2592B16156D008F3C6A /* LaunchScreen.storyboard */; };
		B6E8E2642B1615B0008F3C6A /* ToDo.swift in Sources */ = {isa = PBXBuildFile; fileRef = B6E8E2632B1615B0008F3C6A /* ToDo.swift */; };
		B6E8E2672B161722008F3C6A /* ToDoList.swift in Sources */ = {isa = PBXBuildFile; fileRef = B6E8E2662B161722008F3C6A /* ToDoList.swift */; };
		B6E8E26A2B161C16008F3C6A /* ToDoTableViewCell.swift in Sources */ = {isa = PBXBuildFile; fileRef = B6E8E2692B161C16008F3C6A /* ToDoTableViewCell.swift */; };
		B6E8E2762B162ABB008F3C6A /* ViewControllerDetails.swift in Sources */ = {isa = PBXBuildFile; fileRef = B6E8E2752B162ABB008F3C6A /* ViewControllerDetails.swift */; };
		B6EC62E02B29B56500D8170B /* CategoryTableViewCell.swift in Sources */ = {isa = PBXBuildFile; fileRef = B6EC62DF2B29B56500D8170B /* CategoryTableViewCell.swift */; };
		B6EC62E72B29B76200D8170B /* Category.swift in Sources */ = {isa = PBXBuildFile; fileRef = B6EC62E62B29B76200D8170B /* Category.swift */; };
		B6FE219D2B1F4D310004B8C8 /* ViewControllerAddToDo.swift in Sources */ = {isa = PBXBuildFile; fileRef = B6FE219C2B1F4D310004B8C8 /* ViewControllerAddToDo.swift */; };
/* End PBXBuildFile section */

/* Begin PBXFileReference section */
		B640DE6D2B289293007F8A21 /* ViewControllerCategories.swift */ = {isa = PBXFileReference; lastKnownFileType = sourcecode.swift; path = ViewControllerCategories.swift; sourceTree = "<group>"; };
		B6E8E24B2B161564008F3C6A /* ToDoList.app */ = {isa = PBXFileReference; explicitFileType = wrapper.application; includeInIndex = 0; path = ToDoList.app; sourceTree = BUILT_PRODUCTS_DIR; };
		B6E8E24E2B161564008F3C6A /* AppDelegate.swift */ = {isa = PBXFileReference; lastKnownFileType = sourcecode.swift; path = AppDelegate.swift; sourceTree = "<group>"; };
		B6E8E2502B161564008F3C6A /* SceneDelegate.swift */ = {isa = PBXFileReference; lastKnownFileType = sourcecode.swift; path = SceneDelegate.swift; sourceTree = "<group>"; };
		B6E8E2522B161564008F3C6A /* ViewController.swift */ = {isa = PBXFileReference; lastKnownFileType = sourcecode.swift; path = ViewController.swift; sourceTree = "<group>"; };
		B6E8E2552B161564008F3C6A /* Base */ = {isa = PBXFileReference; lastKnownFileType = file.storyboard; name = Base; path = Base.lproj/Main.storyboard; sourceTree = "<group>"; };
		B6E8E2572B16156D008F3C6A /* Assets.xcassets */ = {isa = PBXFileReference; lastKnownFileType = folder.assetcatalog; path = Assets.xcassets; sourceTree = "<group>"; };
		B6E8E25A2B16156D008F3C6A /* Base */ = {isa = PBXFileReference; lastKnownFileType = file.storyboard; name = Base; path = Base.lproj/LaunchScreen.storyboard; sourceTree = "<group>"; };
		B6E8E25C2B16156D008F3C6A /* Info.plist */ = {isa = PBXFileReference; lastKnownFileType = text.plist.xml; path = Info.plist; sourceTree = "<group>"; };
		B6E8E2632B1615B0008F3C6A /* ToDo.swift */ = {isa = PBXFileReference; lastKnownFileType = sourcecode.swift; path = ToDo.swift; sourceTree = "<group>"; };
		B6E8E2662B161722008F3C6A /* ToDoList.swift */ = {isa = PBXFileReference; lastKnownFileType = sourcecode.swift; path = ToDoList.swift; sourceTree = "<group>"; };
		B6E8E2692B161C16008F3C6A /* ToDoTableViewCell.swift */ = {isa = PBXFileReference; lastKnownFileType = sourcecode.swift; path = ToDoTableViewCell.swift; sourceTree = "<group>"; };
		B6E8E2752B162ABB008F3C6A /* ViewControllerDetails.swift */ = {isa = PBXFileReference; lastKnownFileType = sourcecode.swift; path = ViewControllerDetails.swift; sourceTree = "<group>"; };
		B6EC62DF2B29B56500D8170B /* CategoryTableViewCell.swift */ = {isa = PBXFileReference; lastKnownFileType = sourcecode.swift; path = CategoryTableViewCell.swift; sourceTree = "<group>"; };
		B6EC62E62B29B76200D8170B /* Category.swift */ = {isa = PBXFileReference; lastKnownFileType = sourcecode.swift; path = Category.swift; sourceTree = "<group>"; };
		B6FE219C2B1F4D310004B8C8 /* ViewControllerAddToDo.swift */ = {isa = PBXFileReference; lastKnownFileType = sourcecode.swift; path = ViewControllerAddToDo.swift; sourceTree = "<group>"; };
/* End PBXFileReference section */

/* Begin PBXFrameworksBuildPhase section */
		B6E8E2482B161564008F3C6A /* Frameworks */ = {
			isa = PBXFrameworksBuildPhase;
			buildActionMask = 2147483647;
			files = (
			);
			runOnlyForDeploymentPostprocessing = 0;
		};
/* End PBXFrameworksBuildPhase section */

/* Begin PBXGroup section */
		B6E8E2422B161564008F3C6A = {
			isa = PBXGroup;
			children = (
				B6E8E24D2B161564008F3C6A /* ToDoList */,
				B6E8E24C2B161564008F3C6A /* Products */,
			);
			sourceTree = "<group>";
		};
		B6E8E24C2B161564008F3C6A /* Products */ = {
			isa = PBXGroup;
			children = (
				B6E8E24B2B161564008F3C6A /* ToDoList.app */,
			);
			name = Products;
			sourceTree = "<group>";
		};
		B6E8E24D2B161564008F3C6A /* ToDoList */ = {
			isa = PBXGroup;
			children = (
				B6E8E24E2B161564008F3C6A /* AppDelegate.swift */,
				B6E8E2502B161564008F3C6A /* SceneDelegate.swift */,
				B6E8E2522B161564008F3C6A /* ViewController.swift */,
				B6E8E2542B161564008F3C6A /* Main.storyboard */,
				B6E8E2572B16156D008F3C6A /* Assets.xcassets */,
				B6E8E2592B16156D008F3C6A /* LaunchScreen.storyboard */,
				B6E8E25C2B16156D008F3C6A /* Info.plist */,
				B6E8E2632B1615B0008F3C6A /* ToDo.swift */,
				B6E8E2662B161722008F3C6A /* ToDoList.swift */,
				B6E8E2692B161C16008F3C6A /* ToDoTableViewCell.swift */,
				B6E8E2752B162ABB008F3C6A /* ViewControllerDetails.swift */,
				B6FE219C2B1F4D310004B8C8 /* ViewControllerAddToDo.swift */,
				B640DE6D2B289293007F8A21 /* ViewControllerCategories.swift */,
				B6EC62DF2B29B56500D8170B /* CategoryTableViewCell.swift */,
				B6EC62E62B29B76200D8170B /* Category.swift */,
			);
			path = ToDoList;
			sourceTree = "<group>";
		};
/* End PBXGroup section */

/* Begin PBXNativeTarget section */
		B6E8E24A2B161564008F3C6A /* ToDoList */ = {
			isa = PBXNativeTarget;
			buildConfigurationList = B6E8E25F2B16156D008F3C6A /* Build configuration list for PBXNativeTarget "ToDoList" */;
			buildPhases = (
				B6E8E2472B161564008F3C6A /* Sources */,
				B6E8E2482B161564008F3C6A /* Frameworks */,
				B6E8E2492B161564008F3C6A /* Resources */,
			);
			buildRules = (
			);
			dependencies = (
			);
			name = ToDoList;
			productName = ToDoList;
			productReference = B6E8E24B2B161564008F3C6A /* ToDoList.app */;
			productType = "com.apple.product-type.application";
		};
/* End PBXNativeTarget section */

/* Begin PBXProject section */
		B6E8E2432B161564008F3C6A /* Project object */ = {
			isa = PBXProject;
			attributes = {
				LastSwiftUpdateCheck = 1200;
				LastUpgradeCheck = 1200;
				TargetAttributes = {
					B6E8E24A2B161564008F3C6A = {
						CreatedOnToolsVersion = 12.0.1;
					};
				};
			};
			buildConfigurationList = B6E8E2462B161564008F3C6A /* Build configuration list for PBXProject "ToDoList" */;
			compatibilityVersion = "Xcode 9.3";
			developmentRegion = en;
			hasScannedForEncodings = 0;
			knownRegions = (
				en,
				Base,
			);
			mainGroup = B6E8E2422B161564008F3C6A;
			productRefGroup = B6E8E24C2B161564008F3C6A /* Products */;
			projectDirPath = "";
			projectRoot = "";
			targets = (
				B6E8E24A2B161564008F3C6A /* ToDoList */,
			);
		};
/* End PBXProject section */

/* Begin PBXResourcesBuildPhase section */
		B6E8E2492B161564008F3C6A /* Resources */ = {
			isa = PBXResourcesBuildPhase;
			buildActionMask = 2147483647;
			files = (
				B6E8E25B2B16156D008F3C6A /* LaunchScreen.storyboard in Resources */,
				B6E8E2582B16156D008F3C6A /* Assets.xcassets in Resources */,
				B6E8E2562B161564008F3C6A /* Main.storyboard in Resources */,
			);
			runOnlyForDeploymentPostprocessing = 0;
		};
/* End PBXResourcesBuildPhase section */

/* Begin PBXSourcesBuildPhase section */
		B6E8E2472B161564008F3C6A /* Sources */ = {
			isa = PBXSourcesBuildPhase;
			buildActionMask = 2147483647;
			files = (
				B6E8E2532B161564008F3C6A /* ViewController.swift in Sources */,
				B6E8E24F2B161564008F3C6A /* AppDelegate.swift in Sources */,
				B6E8E2672B161722008F3C6A /* ToDoList.swift in Sources */,
				B6E8E2762B162ABB008F3C6A /* ViewControllerDetails.swift in Sources */,
				B640DE6E2B289293007F8A21 /* ViewControllerCategories.swift in Sources */,
				B6EC62E02B29B56500D8170B /* CategoryTableViewCell.swift in Sources */,
				B6FE219D2B1F4D310004B8C8 /* ViewControllerAddToDo.swift in Sources */,
				B6E8E26A2B161C16008F3C6A /* ToDoTableViewCell.swift in Sources */,
				B6E8E2512B161564008F3C6A /* SceneDelegate.swift in Sources */,
				B6E8E2642B1615B0008F3C6A /* ToDo.swift in Sources */,
				B6EC62E72B29B76200D8170B /* Category.swift in Sources */,
			);
			runOnlyForDeploymentPostprocessing = 0;
		};
/* End PBXSourcesBuildPhase section */

/* Begin PBXVariantGroup section */
		B6E8E2542B161564008F3C6A /* Main.storyboard */ = {
			isa = PBXVariantGroup;
			children = (
				B6E8E2552B161564008F3C6A /* Base */,
			);
			name = Main.storyboard;
			sourceTree = "<group>";
		};
		B6E8E2592B16156D008F3C6A /* LaunchScreen.storyboard */ = {
			isa = PBXVariantGroup;
			children = (
				B6E8E25A2B16156D008F3C6A /* Base */,
			);
			name = LaunchScreen.storyboard;
			sourceTree = "<group>";
		};
/* End PBXVariantGroup section */

/* Begin XCBuildConfiguration section */
		B6E8E25D2B16156D008F3C6A /* Debug */ = {
			isa = XCBuildConfiguration;
			buildSettings = {
				ALWAYS_SEARCH_USER_PATHS = NO;
				CLANG_ANALYZER_NONNULL = YES;
				CLANG_ANALYZER_NUMBER_OBJECT_CONVERSION = YES_AGGRESSIVE;
				CLANG_CXX_LANGUAGE_STANDARD = "gnu++14";
				CLANG_CXX_LIBRARY = "libc++";
				CLANG_ENABLE_MODULES = YES;
				CLANG_ENABLE_OBJC_ARC = YES;
				CLANG_ENABLE_OBJC_WEAK = YES;
				CLANG_WARN_BLOCK_CAPTURE_AUTORELEASING = YES;
				CLANG_WARN_BOOL_CONVERSION = YES;
				CLANG_WARN_COMMA = YES;
				CLANG_WARN_CONSTANT_CONVERSION = YES;
				CLANG_WARN_DEPRECATED_OBJC_IMPLEMENTATIONS = YES;
				CLANG_WARN_DIRECT_OBJC_ISA_USAGE = YES_ERROR;
				CLANG_WARN_DOCUMENTATION_COMMENTS = YES;
				CLANG_WARN_EMPTY_BODY = YES;
				CLANG_WARN_ENUM_CONVERSION = YES;
				CLANG_WARN_INFINITE_RECURSION = YES;
				CLANG_WARN_INT_CONVERSION = YES;
				CLANG_WARN_NON_LITERAL_NULL_CONVERSION = YES;
				CLANG_WARN_OBJC_IMPLICIT_RETAIN_SELF = YES;
				CLANG_WARN_OBJC_LITERAL_CONVERSION = YES;
				CLANG_WARN_OBJC_ROOT_CLASS = YES_ERROR;
				CLANG_WARN_QUOTED_INCLUDE_IN_FRAMEWORK_HEADER = YES;
				CLANG_WARN_RANGE_LOOP_ANALYSIS = YES;
				CLANG_WARN_STRICT_PROTOTYPES = YES;
				CLANG_WARN_SUSPICIOUS_MOVE = YES;
				CLANG_WARN_UNGUARDED_AVAILABILITY = YES_AGGRESSIVE;
				CLANG_WARN_UNREACHABLE_CODE = YES;
				CLANG_WARN__DUPLICATE_METHOD_MATCH = YES;
				COPY_PHASE_STRIP = NO;
				DEBUG_INFORMATION_FORMAT = dwarf;
				ENABLE_STRICT_OBJC_MSGSEND = YES;
				ENABLE_TESTABILITY = YES;
				GCC_C_LANGUAGE_STANDARD = gnu11;
				GCC_DYNAMIC_NO_PIC = NO;
				GCC_NO_COMMON_BLOCKS = YES;
				GCC_OPTIMIZATION_LEVEL = 0;
				GCC_PREPROCESSOR_DEFINITIONS = (
					"DEBUG=1",
					"$(inherited)",
				);
				GCC_WARN_64_TO_32_BIT_CONVERSION = YES;
				GCC_WARN_ABOUT_RETURN_TYPE = YES_ERROR;
				GCC_WARN_UNDECLARED_SELECTOR = YES;
				GCC_WARN_UNINITIALIZED_AUTOS = YES_AGGRESSIVE;
				GCC_WARN_UNUSED_FUNCTION = YES;
				GCC_WARN_UNUSED_VARIABLE = YES;
				IPHONEOS_DEPLOYMENT_TARGET = 14.0;
				MTL_ENABLE_DEBUG_INFO = INCLUDE_SOURCE;
				MTL_FAST_MATH = YES;
				ONLY_ACTIVE_ARCH = YES;
				SDKROOT = iphoneos;
				SWIFT_ACTIVE_COMPILATION_CONDITIONS = DEBUG;
				SWIFT_OPTIMIZATION_LEVEL = "-Onone";
			};
			name = Debug;
		};
		B6E8E25E2B16156D008F3C6A /* Release */ = {
			isa = XCBuildConfiguration;
			buildSettings = {
				ALWAYS_SEARCH_USER_PATHS = NO;
				CLANG_ANALYZER_NONNULL = YES;
				CLANG_ANALYZER_NUMBER_OBJECT_CONVERSION = YES_AGGRESSIVE;
				CLANG_CXX_LANGUAGE_STANDARD = "gnu++14";
				CLANG_CXX_LIBRARY = "libc++";
				CLANG_ENABLE_MODULES = YES;
				CLANG_ENABLE_OBJC_ARC = YES;
				CLANG_ENABLE_OBJC_WEAK = YES;
				CLANG_WARN_BLOCK_CAPTURE_AUTORELEASING = YES;
				CLANG_WARN_BOOL_CONVERSION = YES;
				CLANG_WARN_COMMA = YES;
				CLANG_WARN_CONSTANT_CONVERSION = YES;
				CLANG_WARN_DEPRECATED_OBJC_IMPLEMENTATIONS = YES;
				CLANG_WARN_DIRECT_OBJC_ISA_USAGE = YES_ERROR;
				CLANG_WARN_DOCUMENTATION_COMMENTS = YES;
				CLANG_WARN_EMPTY_BODY = YES;
				CLANG_WARN_ENUM_CONVERSION = YES;
				CLANG_WARN_INFINITE_RECURSION = YES;
				CLANG_WARN_INT_CONVERSION = YES;
				CLANG_WARN_NON_LITERAL_NULL_CONVERSION = YES;
				CLANG_WARN_OBJC_IMPLICIT_RETAIN_SELF = YES;
				CLANG_WARN_OBJC_LITERAL_CONVERSION = YES;
				CLANG_WARN_OBJC_ROOT_CLASS = YES_ERROR;
				CLANG_WARN_QUOTED_INCLUDE_IN_FRAMEWORK_HEADER = YES;
				CLANG_WARN_RANGE_LOOP_ANALYSIS = YES;
				CLANG_WARN_STRICT_PROTOTYPES = YES;
				CLANG_WARN_SUSPICIOUS_MOVE = YES;
				CLANG_WARN_UNGUARDED_AVAILABILITY = YES_AGGRESSIVE;
				CLANG_WARN_UNREACHABLE_CODE = YES;
				CLANG_WARN__DUPLICATE_METHOD_MATCH = YES;
				COPY_PHASE_STRIP = NO;
				DEBUG_INFORMATION_FORMAT = "dwarf-with-dsym";
				ENABLE_NS_ASSERTIONS = NO;
				ENABLE_STRICT_OBJC_MSGSEND = YES;
				GCC_C_LANGUAGE_STANDARD = gnu11;
				GCC_NO_COMMON_BLOCKS = YES;
				GCC_WARN_64_TO_32_BIT_CONVERSION = YES;
				GCC_WARN_ABOUT_RETURN_TYPE = YES_ERROR;
				GCC_WARN_UNDECLARED_SELECTOR = YES;
				GCC_WARN_UNINITIALIZED_AUTOS = YES_AGGRESSIVE;
				GCC_WARN_UNUSED_FUNCTION = YES;
				GCC_WARN_UNUSED_VARIABLE = YES;
				IPHONEOS_DEPLOYMENT_TARGET = 14.0;
				MTL_ENABLE_DEBUG_INFO = NO;
				MTL_FAST_MATH = YES;
				SDKROOT = iphoneos;
				SWIFT_COMPILATION_MODE = wholemodule;
				SWIFT_OPTIMIZATION_LEVEL = "-O";
				VALIDATE_PRODUCT = YES;
			};
			name = Release;
		};
		B6E8E2602B16156D008F3C6A /* Debug */ = {
			isa = XCBuildConfiguration;
			buildSettings = {
				ASSETCATALOG_COMPILER_APPICON_NAME = AppIcon;
				ASSETCATALOG_COMPILER_GLOBAL_ACCENT_COLOR_NAME = AccentColor;
				CODE_SIGN_STYLE = Automatic;
				INFOPLIST_FILE = ToDoList/Info.plist;
				LD_RUNPATH_SEARCH_PATHS = (
					"$(inherited)",
					"@executable_path/Frameworks",
				);
				PRODUCT_BUNDLE_IDENTIFIER = Curie.Guichard.ToDoList;
				PRODUCT_NAME = "$(TARGET_NAME)";
				SWIFT_VERSION = 5.0;
				TARGETED_DEVICE_FAMILY = "1,2";
			};
			name = Debug;
		};
		B6E8E2612B16156D008F3C6A /* Release */ = {
			isa = XCBuildConfiguration;
			buildSettings = {
				ASSETCATALOG_COMPILER_APPICON_NAME = AppIcon;
				ASSETCATALOG_COMPILER_GLOBAL_ACCENT_COLOR_NAME = AccentColor;
				CODE_SIGN_STYLE = Automatic;
				INFOPLIST_FILE = ToDoList/Info.plist;
				LD_RUNPATH_SEARCH_PATHS = (
					"$(inherited)",
					"@executable_path/Frameworks",
				);
				PRODUCT_BUNDLE_IDENTIFIER = Curie.Guichard.ToDoList;
				PRODUCT_NAME = "$(TARGET_NAME)";
				SWIFT_VERSION = 5.0;
				TARGETED_DEVICE_FAMILY = "1,2";
			};
			name = Release;
		};
/* End XCBuildConfiguration section */

/* Begin XCConfigurationList section */
		B6E8E2462B161564008F3C6A /* Build configuration list for PBXProject "ToDoList" */ = {
			isa = XCConfigurationList;
			buildConfigurations = (
				B6E8E25D2B16156D008F3C6A /* Debug */,
				B6E8E25E2B16156D008F3C6A /* Release */,
			);
			defaultConfigurationIsVisible = 0;
			defaultConfigurationName = Release;
		};
		B6E8E25F2B16156D008F3C6A /* Build configuration list for PBXNativeTarget "ToDoList" */ = {
			isa = XCConfigurationList;
			buildConfigurations = (
				B6E8E2602B16156D008F3C6A /* Debug */,
				B6E8E2612B16156D008F3C6A /* Release */,
			);
			defaultConfigurationIsVisible = 0;
			defaultConfigurationName = Release;
		};
/* End XCConfigurationList section */
	};
	rootObject = B6E8E2432B161564008F3C6A /* Project object */;
}
